// !$*UTF8*$!
{
	archiveVersion = 1;
	classes = {
	};
	objectVersion = 50;
	objects = {

/* Begin PBXBuildFile section */
		7F2E36242340042F0072A8C7 /* UIButton+Designable.swift in Sources */ = {isa = PBXBuildFile; fileRef = 7F2E36232340042F0072A8C7 /* UIButton+Designable.swift */; };
		7F2E36282340091F0072A8C7 /* WordPillCollectionViewCell.swift in Sources */ = {isa = PBXBuildFile; fileRef = 7F2E36262340091F0072A8C7 /* WordPillCollectionViewCell.swift */; };
		7F2E36292340091F0072A8C7 /* WordPillCollectionViewCell.xib in Resources */ = {isa = PBXBuildFile; fileRef = 7F2E36272340091F0072A8C7 /* WordPillCollectionViewCell.xib */; };
		7F2E362B2340A8AE0072A8C7 /* Avatars.swift in Sources */ = {isa = PBXBuildFile; fileRef = 7F2E362A2340A8AE0072A8C7 /* Avatars.swift */; };
		7F2E362D2340ACEF0072A8C7 /* Ref.swift in Sources */ = {isa = PBXBuildFile; fileRef = 7F2E362C2340ACEF0072A8C7 /* Ref.swift */; };
		7F2E362F2340C9890072A8C7 /* GameLobbyViewController.swift in Sources */ = {isa = PBXBuildFile; fileRef = 7F2E362E2340C9890072A8C7 /* GameLobbyViewController.swift */; };
		7F2E36322340DECA0072A8C7 /* UICollectionViewFlowLayout+Extention.swift in Sources */ = {isa = PBXBuildFile; fileRef = 7F2E36312340DECA0072A8C7 /* UICollectionViewFlowLayout+Extention.swift */; };
		7F2E36342340FC250072A8C7 /* Words.swift in Sources */ = {isa = PBXBuildFile; fileRef = 7F2E36332340FC250072A8C7 /* Words.swift */; };
		7FB97115233F8FEA00317A20 /* AppDelegate.swift in Sources */ = {isa = PBXBuildFile; fileRef = 7FB97114233F8FEA00317A20 /* AppDelegate.swift */; };
		7FB97117233F8FEA00317A20 /* SceneDelegate.swift in Sources */ = {isa = PBXBuildFile; fileRef = 7FB97116233F8FEA00317A20 /* SceneDelegate.swift */; };
		7FB97119233F8FEA00317A20 /* HomeViewController.swift in Sources */ = {isa = PBXBuildFile; fileRef = 7FB97118233F8FEA00317A20 /* HomeViewController.swift */; };
		7FB9711C233F8FEA00317A20 /* Home.storyboard in Resources */ = {isa = PBXBuildFile; fileRef = 7FB9711A233F8FEA00317A20 /* Home.storyboard */; };
		7FB9711E233F8FEB00317A20 /* Assets.xcassets in Resources */ = {isa = PBXBuildFile; fileRef = 7FB9711D233F8FEB00317A20 /* Assets.xcassets */; };
		7FB97121233F8FEB00317A20 /* LaunchScreen.storyboard in Resources */ = {isa = PBXBuildFile; fileRef = 7FB9711F233F8FEB00317A20 /* LaunchScreen.storyboard */; };
		7FB97133233F914800317A20 /* SourceSansPro-Regular.ttf in Resources */ = {isa = PBXBuildFile; fileRef = 7FB97130233F914700317A20 /* SourceSansPro-Regular.ttf */; };
		7FB97134233F914800317A20 /* SourceSansPro-SemiBold.ttf in Resources */ = {isa = PBXBuildFile; fileRef = 7FB97131233F914700317A20 /* SourceSansPro-SemiBold.ttf */; };
		7FB97135233F914800317A20 /* SourceSansPro-Bold.ttf in Resources */ = {isa = PBXBuildFile; fileRef = 7FB97132233F914800317A20 /* SourceSansPro-Bold.ttf */; };
		7FB9713B233FA5C500317A20 /* UIView+Designable.swift in Sources */ = {isa = PBXBuildFile; fileRef = 7FB9713A233FA5C500317A20 /* UIView+Designable.swift */; };
/* End PBXBuildFile section */

/* Begin PBXFileReference section */
		7F2E36232340042F0072A8C7 /* UIButton+Designable.swift */ = {isa = PBXFileReference; lastKnownFileType = sourcecode.swift; path = "UIButton+Designable.swift"; sourceTree = "<group>"; };
		7F2E36262340091F0072A8C7 /* WordPillCollectionViewCell.swift */ = {isa = PBXFileReference; lastKnownFileType = sourcecode.swift; path = WordPillCollectionViewCell.swift; sourceTree = "<group>"; };
		7F2E36272340091F0072A8C7 /* WordPillCollectionViewCell.xib */ = {isa = PBXFileReference; lastKnownFileType = file.xib; path = WordPillCollectionViewCell.xib; sourceTree = "<group>"; };
		7F2E362A2340A8AE0072A8C7 /* Avatars.swift */ = {isa = PBXFileReference; lastKnownFileType = sourcecode.swift; path = Avatars.swift; sourceTree = "<group>"; };
		7F2E362C2340ACEF0072A8C7 /* Ref.swift */ = {isa = PBXFileReference; lastKnownFileType = sourcecode.swift; path = Ref.swift; sourceTree = "<group>"; };
		7F2E362E2340C9890072A8C7 /* GameLobbyViewController.swift */ = {isa = PBXFileReference; lastKnownFileType = sourcecode.swift; path = GameLobbyViewController.swift; sourceTree = "<group>"; };
		7F2E36312340DECA0072A8C7 /* UICollectionViewFlowLayout+Extention.swift */ = {isa = PBXFileReference; lastKnownFileType = sourcecode.swift; path = "UICollectionViewFlowLayout+Extention.swift"; sourceTree = "<group>"; };
		7F2E36332340FC250072A8C7 /* Words.swift */ = {isa = PBXFileReference; lastKnownFileType = sourcecode.swift; path = Words.swift; sourceTree = "<group>"; };
		7FB97111233F8FEA00317A20 /* NiceOff.app */ = {isa = PBXFileReference; explicitFileType = wrapper.application; includeInIndex = 0; path = NiceOff.app; sourceTree = BUILT_PRODUCTS_DIR; };
		7FB97114233F8FEA00317A20 /* AppDelegate.swift */ = {isa = PBXFileReference; lastKnownFileType = sourcecode.swift; path = AppDelegate.swift; sourceTree = "<group>"; };
		7FB97116233F8FEA00317A20 /* SceneDelegate.swift */ = {isa = PBXFileReference; lastKnownFileType = sourcecode.swift; path = SceneDelegate.swift; sourceTree = "<group>"; };
		7FB97118233F8FEA00317A20 /* HomeViewController.swift */ = {isa = PBXFileReference; lastKnownFileType = sourcecode.swift; path = HomeViewController.swift; sourceTree = "<group>"; };
		7FB9711B233F8FEA00317A20 /* Base */ = {isa = PBXFileReference; lastKnownFileType = file.storyboard; name = Base; path = Base.lproj/Home.storyboard; sourceTree = "<group>"; };
		7FB9711D233F8FEB00317A20 /* Assets.xcassets */ = {isa = PBXFileReference; lastKnownFileType = folder.assetcatalog; path = Assets.xcassets; sourceTree = "<group>"; };
		7FB97120233F8FEB00317A20 /* Base */ = {isa = PBXFileReference; lastKnownFileType = file.storyboard; name = Base; path = Base.lproj/LaunchScreen.storyboard; sourceTree = "<group>"; };
		7FB97122233F8FEB00317A20 /* Info.plist */ = {isa = PBXFileReference; lastKnownFileType = text.plist.xml; path = Info.plist; sourceTree = "<group>"; };
		7FB97130233F914700317A20 /* SourceSansPro-Regular.ttf */ = {isa = PBXFileReference; lastKnownFileType = file; path = "SourceSansPro-Regular.ttf"; sourceTree = "<group>"; };
		7FB97131233F914700317A20 /* SourceSansPro-SemiBold.ttf */ = {isa = PBXFileReference; lastKnownFileType = file; path = "SourceSansPro-SemiBold.ttf"; sourceTree = "<group>"; };
		7FB97132233F914800317A20 /* SourceSansPro-Bold.ttf */ = {isa = PBXFileReference; lastKnownFileType = file; path = "SourceSansPro-Bold.ttf"; sourceTree = "<group>"; };
		7FB9713A233FA5C500317A20 /* UIView+Designable.swift */ = {isa = PBXFileReference; lastKnownFileType = sourcecode.swift; path = "UIView+Designable.swift"; sourceTree = "<group>"; };
/* End PBXFileReference section */

/* Begin PBXFrameworksBuildPhase section */
		7FB9710E233F8FEA00317A20 /* Frameworks */ = {
			isa = PBXFrameworksBuildPhase;
			buildActionMask = 2147483647;
			files = (
			);
			runOnlyForDeploymentPostprocessing = 0;
		};
/* End PBXFrameworksBuildPhase section */

/* Begin PBXGroup section */
		7F2E3625234008A30072A8C7 /* Pills */ = {
			isa = PBXGroup;
			children = (
				7F2E36262340091F0072A8C7 /* WordPillCollectionViewCell.swift */,
				7F2E36272340091F0072A8C7 /* WordPillCollectionViewCell.xib */,
			);
			path = Pills;
			sourceTree = "<group>";
		};
		7F2E36302340DEAA0072A8C7 /* Exptentions */ = {
			isa = PBXGroup;
			children = (
				7F2E36312340DECA0072A8C7 /* UICollectionViewFlowLayout+Extention.swift */,
			);
			path = Exptentions;
			sourceTree = "<group>";
		};
		7FB97108233F8FEA00317A20 = {
			isa = PBXGroup;
			children = (
				7FB97113233F8FEA00317A20 /* NiceOff */,
				7FB97112233F8FEA00317A20 /* Products */,
			);
			sourceTree = "<group>";
		};
		7FB97112233F8FEA00317A20 /* Products */ = {
			isa = PBXGroup;
			children = (
				7FB97111233F8FEA00317A20 /* NiceOff.app */,
			);
			name = Products;
			sourceTree = "<group>";
		};
		7FB97113233F8FEA00317A20 /* NiceOff */ = {
			isa = PBXGroup;
			children = (
				7F2E36302340DEAA0072A8C7 /* Exptentions */,
				7FB9712E233F908000317A20 /* Storyboards */,
				7FB9712D233F907700317A20 /* Models */,
				7FB9712C233F906A00317A20 /* Views */,
				7FB9712B233F906300317A20 /* Controllers */,
				7FB9712A233F905200317A20 /* Support Files */,
				7FB97129233F903900317A20 /* Designables */,
				7FB97128233F902B00317A20 /* Assets */,
				7FB97122233F8FEB00317A20 /* Info.plist */,
			);
			path = NiceOff;
			sourceTree = "<group>";
		};
		7FB97128233F902B00317A20 /* Assets */ = {
			isa = PBXGroup;
			children = (
				7FB9712F233F90DF00317A20 /* Fonts */,
				7FB9711D233F8FEB00317A20 /* Assets.xcassets */,
			);
			path = Assets;
			sourceTree = "<group>";
		};
		7FB97129233F903900317A20 /* Designables */ = {
			isa = PBXGroup;
			children = (
				7FB9713A233FA5C500317A20 /* UIView+Designable.swift */,
				7F2E36232340042F0072A8C7 /* UIButton+Designable.swift */,
			);
			path = Designables;
			sourceTree = "<group>";
		};
		7FB9712A233F905200317A20 /* Support Files */ = {
			isa = PBXGroup;
			children = (
				7FB97116233F8FEA00317A20 /* SceneDelegate.swift */,
				7FB97114233F8FEA00317A20 /* AppDelegate.swift */,
			);
			path = "Support Files";
			sourceTree = "<group>";
		};
		7FB9712B233F906300317A20 /* Controllers */ = {
			isa = PBXGroup;
			children = (
				7FB97118233F8FEA00317A20 /* HomeViewController.swift */,
				7F2E362E2340C9890072A8C7 /* GameLobbyViewController.swift */,
			);
			path = Controllers;
			sourceTree = "<group>";
		};
		7FB9712C233F906A00317A20 /* Views */ = {
			isa = PBXGroup;
			children = (
				7F2E3625234008A30072A8C7 /* Pills */,
			);
			path = Views;
			sourceTree = "<group>";
		};
		7FB9712D233F907700317A20 /* Models */ = {
			isa = PBXGroup;
			children = (
				7F2E362A2340A8AE0072A8C7 /* Avatars.swift */,
				7F2E362C2340ACEF0072A8C7 /* Ref.swift */,
				7F2E36332340FC250072A8C7 /* Words.swift */,
			);
			path = Models;
			sourceTree = "<group>";
		};
		7FB9712E233F908000317A20 /* Storyboards */ = {
			isa = PBXGroup;
			children = (
				7FB9711F233F8FEB00317A20 /* LaunchScreen.storyboard */,
				7FB9711A233F8FEA00317A20 /* Home.storyboard */,
			);
			path = Storyboards;
			sourceTree = "<group>";
		};
		7FB9712F233F90DF00317A20 /* Fonts */ = {
			isa = PBXGroup;
			children = (
				7FB97132233F914800317A20 /* SourceSansPro-Bold.ttf */,
				7FB97130233F914700317A20 /* SourceSansPro-Regular.ttf */,
				7FB97131233F914700317A20 /* SourceSansPro-SemiBold.ttf */,
			);
			path = Fonts;
			sourceTree = "<group>";
		};
/* End PBXGroup section */

/* Begin PBXNativeTarget section */
		7FB97110233F8FEA00317A20 /* NiceOff */ = {
			isa = PBXNativeTarget;
			buildConfigurationList = 7FB97125233F8FEB00317A20 /* Build configuration list for PBXNativeTarget "NiceOff" */;
			buildPhases = (
				7FB9710D233F8FEA00317A20 /* Sources */,
				7FB9710E233F8FEA00317A20 /* Frameworks */,
				7FB9710F233F8FEA00317A20 /* Resources */,
				7FB97139233F94BA00317A20 /* Auto Increment Build Number */,
			);
			buildRules = (
			);
			dependencies = (
			);
			name = NiceOff;
			productName = NiceOff;
			productReference = 7FB97111233F8FEA00317A20 /* NiceOff.app */;
			productType = "com.apple.product-type.application";
		};
/* End PBXNativeTarget section */

/* Begin PBXProject section */
		7FB97109233F8FEA00317A20 /* Project object */ = {
			isa = PBXProject;
			attributes = {
				LastSwiftUpdateCheck = 1100;
				LastUpgradeCheck = 1100;
				ORGANIZATIONNAME = "Paul Loots";
				TargetAttributes = {
					7FB97110233F8FEA00317A20 = {
						CreatedOnToolsVersion = 11.0;
					};
				};
			};
			buildConfigurationList = 7FB9710C233F8FEA00317A20 /* Build configuration list for PBXProject "NiceOff" */;
			compatibilityVersion = "Xcode 9.3";
			developmentRegion = en;
			hasScannedForEncodings = 0;
			knownRegions = (
				en,
				Base,
			);
			mainGroup = 7FB97108233F8FEA00317A20;
			productRefGroup = 7FB97112233F8FEA00317A20 /* Products */;
			projectDirPath = "";
			projectRoot = "";
			targets = (
				7FB97110233F8FEA00317A20 /* NiceOff */,
			);
		};
/* End PBXProject section */

/* Begin PBXResourcesBuildPhase section */
		7FB9710F233F8FEA00317A20 /* Resources */ = {
			isa = PBXResourcesBuildPhase;
			buildActionMask = 2147483647;
			files = (
				7F2E36292340091F0072A8C7 /* WordPillCollectionViewCell.xib in Resources */,
				7FB97121233F8FEB00317A20 /* LaunchScreen.storyboard in Resources */,
				7FB9711E233F8FEB00317A20 /* Assets.xcassets in Resources */,
				7FB97134233F914800317A20 /* SourceSansPro-SemiBold.ttf in Resources */,
				7FB9711C233F8FEA00317A20 /* Home.storyboard in Resources */,
				7FB97133233F914800317A20 /* SourceSansPro-Regular.ttf in Resources */,
				7FB97135233F914800317A20 /* SourceSansPro-Bold.ttf in Resources */,
			);
			runOnlyForDeploymentPostprocessing = 0;
		};
/* End PBXResourcesBuildPhase section */

/* Begin PBXShellScriptBuildPhase section */
		7FB97139233F94BA00317A20 /* Auto Increment Build Number */ = {
			isa = PBXShellScriptBuildPhase;
			buildActionMask = 2147483647;
			files = (
			);
			inputFileListPaths = (
			);
			inputPaths = (
			);
			name = "Auto Increment Build Number";
			outputFileListPaths = (
			);
			outputPaths = (
			);
			runOnlyForDeploymentPostprocessing = 0;
			shellPath = /bin/sh;
			shellScript = "buildNumber=$(/usr/libexec/PlistBuddy -c \"Print CFBundleVersion\" \"${PROJECT_DIR}/${INFOPLIST_FILE}\")\nbuildNumber=$(($buildNumber + 1))\n/usr/libexec/PlistBuddy -c \"Set :CFBundleVersion $buildNumber\" \"${PROJECT_DIR}/${INFOPLIST_FILE}\"\n";
		};
/* End PBXShellScriptBuildPhase section */

/* Begin PBXSourcesBuildPhase section */
		7FB9710D233F8FEA00317A20 /* Sources */ = {
			isa = PBXSourcesBuildPhase;
			buildActionMask = 2147483647;
			files = (
				7F2E36282340091F0072A8C7 /* WordPillCollectionViewCell.swift in Sources */,
				7F2E362D2340ACEF0072A8C7 /* Ref.swift in Sources */,
				7F2E36242340042F0072A8C7 /* UIButton+Designable.swift in Sources */,
				7FB9713B233FA5C500317A20 /* UIView+Designable.swift in Sources */,
				7F2E362F2340C9890072A8C7 /* GameLobbyViewController.swift in Sources */,
				7F2E36322340DECA0072A8C7 /* UICollectionViewFlowLayout+Extention.swift in Sources */,
				7FB97119233F8FEA00317A20 /* HomeViewController.swift in Sources */,
				7F2E36342340FC250072A8C7 /* Words.swift in Sources */,
				7F2E362B2340A8AE0072A8C7 /* Avatars.swift in Sources */,
				7FB97115233F8FEA00317A20 /* AppDelegate.swift in Sources */,
				7FB97117233F8FEA00317A20 /* SceneDelegate.swift in Sources */,
			);
			runOnlyForDeploymentPostprocessing = 0;
		};
/* End PBXSourcesBuildPhase section */

/* Begin PBXVariantGroup section */
		7FB9711A233F8FEA00317A20 /* Home.storyboard */ = {
			isa = PBXVariantGroup;
			children = (
				7FB9711B233F8FEA00317A20 /* Base */,
			);
			name = Home.storyboard;
			sourceTree = "<group>";
		};
		7FB9711F233F8FEB00317A20 /* LaunchScreen.storyboard */ = {
			isa = PBXVariantGroup;
			children = (
				7FB97120233F8FEB00317A20 /* Base */,
			);
			name = LaunchScreen.storyboard;
			sourceTree = "<group>";
		};
/* End PBXVariantGroup section */

/* Begin XCBuildConfiguration section */
		7FB97123233F8FEB00317A20 /* Debug */ = {
			isa = XCBuildConfiguration;
			buildSettings = {
				ALWAYS_SEARCH_USER_PATHS = NO;
				CLANG_ANALYZER_NONNULL = YES;
				CLANG_ANALYZER_NUMBER_OBJECT_CONVERSION = YES_AGGRESSIVE;
				CLANG_CXX_LANGUAGE_STANDARD = "gnu++14";
				CLANG_CXX_LIBRARY = "libc++";
				CLANG_ENABLE_MODULES = YES;
				CLANG_ENABLE_OBJC_ARC = YES;
				CLANG_ENABLE_OBJC_WEAK = YES;
				CLANG_WARN_BLOCK_CAPTURE_AUTORELEASING = YES;
				CLANG_WARN_BOOL_CONVERSION = YES;
				CLANG_WARN_COMMA = YES;
				CLANG_WARN_CONSTANT_CONVERSION = YES;
				CLANG_WARN_DEPRECATED_OBJC_IMPLEMENTATIONS = YES;
				CLANG_WARN_DIRECT_OBJC_ISA_USAGE = YES_ERROR;
				CLANG_WARN_DOCUMENTATION_COMMENTS = YES;
				CLANG_WARN_EMPTY_BODY = YES;
				CLANG_WARN_ENUM_CONVERSION = YES;
				CLANG_WARN_INFINITE_RECURSION = YES;
				CLANG_WARN_INT_CONVERSION = YES;
				CLANG_WARN_NON_LITERAL_NULL_CONVERSION = YES;
				CLANG_WARN_OBJC_IMPLICIT_RETAIN_SELF = YES;
				CLANG_WARN_OBJC_LITERAL_CONVERSION = YES;
				CLANG_WARN_OBJC_ROOT_CLASS = YES_ERROR;
				CLANG_WARN_RANGE_LOOP_ANALYSIS = YES;
				CLANG_WARN_STRICT_PROTOTYPES = YES;
				CLANG_WARN_SUSPICIOUS_MOVE = YES;
				CLANG_WARN_UNGUARDED_AVAILABILITY = YES_AGGRESSIVE;
				CLANG_WARN_UNREACHABLE_CODE = YES;
				CLANG_WARN__DUPLICATE_METHOD_MATCH = YES;
				COPY_PHASE_STRIP = NO;
				DEBUG_INFORMATION_FORMAT = dwarf;
				ENABLE_STRICT_OBJC_MSGSEND = YES;
				ENABLE_TESTABILITY = YES;
				GCC_C_LANGUAGE_STANDARD = gnu11;
				GCC_DYNAMIC_NO_PIC = NO;
				GCC_NO_COMMON_BLOCKS = YES;
				GCC_OPTIMIZATION_LEVEL = 0;
				GCC_PREPROCESSOR_DEFINITIONS = (
					"DEBUG=1",
					"$(inherited)",
				);
				GCC_WARN_64_TO_32_BIT_CONVERSION = YES;
				GCC_WARN_ABOUT_RETURN_TYPE = YES_ERROR;
				GCC_WARN_UNDECLARED_SELECTOR = YES;
				GCC_WARN_UNINITIALIZED_AUTOS = YES_AGGRESSIVE;
				GCC_WARN_UNUSED_FUNCTION = YES;
				GCC_WARN_UNUSED_VARIABLE = YES;
				IPHONEOS_DEPLOYMENT_TARGET = 13.0;
				MTL_ENABLE_DEBUG_INFO = INCLUDE_SOURCE;
				MTL_FAST_MATH = YES;
				ONLY_ACTIVE_ARCH = YES;
				SDKROOT = iphoneos;
				SWIFT_ACTIVE_COMPILATION_CONDITIONS = DEBUG;
				SWIFT_OPTIMIZATION_LEVEL = "-Onone";
			};
			name = Debug;
		};
		7FB97124233F8FEB00317A20 /* Release */ = {
			isa = XCBuildConfiguration;
			buildSettings = {
				ALWAYS_SEARCH_USER_PATHS = NO;
				CLANG_ANALYZER_NONNULL = YES;
				CLANG_ANALYZER_NUMBER_OBJECT_CONVERSION = YES_AGGRESSIVE;
				CLANG_CXX_LANGUAGE_STANDARD = "gnu++14";
				CLANG_CXX_LIBRARY = "libc++";
				CLANG_ENABLE_MODULES = YES;
				CLANG_ENABLE_OBJC_ARC = YES;
				CLANG_ENABLE_OBJC_WEAK = YES;
				CLANG_WARN_BLOCK_CAPTURE_AUTORELEASING = YES;
				CLANG_WARN_BOOL_CONVERSION = YES;
				CLANG_WARN_COMMA = YES;
				CLANG_WARN_CONSTANT_CONVERSION = YES;
				CLANG_WARN_DEPRECATED_OBJC_IMPLEMENTATIONS = YES;
				CLANG_WARN_DIRECT_OBJC_ISA_USAGE = YES_ERROR;
				CLANG_WARN_DOCUMENTATION_COMMENTS = YES;
				CLANG_WARN_EMPTY_BODY = YES;
				CLANG_WARN_ENUM_CONVERSION = YES;
				CLANG_WARN_INFINITE_RECURSION = YES;
				CLANG_WARN_INT_CONVERSION = YES;
				CLANG_WARN_NON_LITERAL_NULL_CONVERSION = YES;
				CLANG_WARN_OBJC_IMPLICIT_RETAIN_SELF = YES;
				CLANG_WARN_OBJC_LITERAL_CONVERSION = YES;
				CLANG_WARN_OBJC_ROOT_CLASS = YES_ERROR;
				CLANG_WARN_RANGE_LOOP_ANALYSIS = YES;
				CLANG_WARN_STRICT_PROTOTYPES = YES;
				CLANG_WARN_SUSPICIOUS_MOVE = YES;
				CLANG_WARN_UNGUARDED_AVAILABILITY = YES_AGGRESSIVE;
				CLANG_WARN_UNREACHABLE_CODE = YES;
				CLANG_WARN__DUPLICATE_METHOD_MATCH = YES;
				COPY_PHASE_STRIP = NO;
				DEBUG_INFORMATION_FORMAT = "dwarf-with-dsym";
				ENABLE_NS_ASSERTIONS = NO;
				ENABLE_STRICT_OBJC_MSGSEND = YES;
				GCC_C_LANGUAGE_STANDARD = gnu11;
				GCC_NO_COMMON_BLOCKS = YES;
				GCC_WARN_64_TO_32_BIT_CONVERSION = YES;
				GCC_WARN_ABOUT_RETURN_TYPE = YES_ERROR;
				GCC_WARN_UNDECLARED_SELECTOR = YES;
				GCC_WARN_UNINITIALIZED_AUTOS = YES_AGGRESSIVE;
				GCC_WARN_UNUSED_FUNCTION = YES;
				GCC_WARN_UNUSED_VARIABLE = YES;
				IPHONEOS_DEPLOYMENT_TARGET = 13.0;
				MTL_ENABLE_DEBUG_INFO = NO;
				MTL_FAST_MATH = YES;
				SDKROOT = iphoneos;
				SWIFT_COMPILATION_MODE = wholemodule;
				SWIFT_OPTIMIZATION_LEVEL = "-O";
				VALIDATE_PRODUCT = YES;
			};
			name = Release;
		};
		7FB97126233F8FEB00317A20 /* Debug */ = {
			isa = XCBuildConfiguration;
			buildSettings = {
				ASSETCATALOG_COMPILER_APPICON_NAME = AppIcon;
				CODE_SIGN_STYLE = Automatic;
				CURRENT_PROJECT_VERSION = 1;
				DEVELOPMENT_TEAM = 5V85JQ3Z9Z;
				INFOPLIST_FILE = NiceOff/Info.plist;
				LD_RUNPATH_SEARCH_PATHS = (
					"$(inherited)",
					"@executable_path/Frameworks",
				);
				MARKETING_VERSION = 0.1;
				PRODUCT_BUNDLE_IDENTIFIER = com.paulloots.NiceOff;
				PRODUCT_NAME = "$(TARGET_NAME)";
				SWIFT_VERSION = 5.0;
				TARGETED_DEVICE_FAMILY = 1;
			};
			name = Debug;
		};
		7FB97127233F8FEB00317A20 /* Release */ = {
			isa = XCBuildConfiguration;
			buildSettings = {
				ASSETCATALOG_COMPILER_APPICON_NAME = AppIcon;
				CODE_SIGN_STYLE = Automatic;
				CURRENT_PROJECT_VERSION = 1;
				DEVELOPMENT_TEAM = 5V85JQ3Z9Z;
				INFOPLIST_FILE = NiceOff/Info.plist;
				LD_RUNPATH_SEARCH_PATHS = (
					"$(inherited)",
					"@executable_path/Frameworks",
				);
				MARKETING_VERSION = 0.1;
				PRODUCT_BUNDLE_IDENTIFIER = com.paulloots.NiceOff;
				PRODUCT_NAME = "$(TARGET_NAME)";
				SWIFT_VERSION = 5.0;
				TARGETED_DEVICE_FAMILY = 1;
			};
			name = Release;
		};
/* End XCBuildConfiguration section */

/* Begin XCConfigurationList section */
		7FB9710C233F8FEA00317A20 /* Build configuration list for PBXProject "NiceOff" */ = {
			isa = XCConfigurationList;
			buildConfigurations = (
				7FB97123233F8FEB00317A20 /* Debug */,
				7FB97124233F8FEB00317A20 /* Release */,
			);
			defaultConfigurationIsVisible = 0;
			defaultConfigurationName = Release;
		};
		7FB97125233F8FEB00317A20 /* Build configuration list for PBXNativeTarget "NiceOff" */ = {
			isa = XCConfigurationList;
			buildConfigurations = (
				7FB97126233F8FEB00317A20 /* Debug */,
				7FB97127233F8FEB00317A20 /* Release */,
			);
			defaultConfigurationIsVisible = 0;
			defaultConfigurationName = Release;
		};
/* End XCConfigurationList section */
	};
	rootObject = 7FB97109233F8FEA00317A20 /* Project object */;
}
